
Microsoft Visual Studio Solution File, Format Version 12.00
# Visual Studio 15
VisualStudioVersion = 15.0.26403.3
MinimumVisualStudioVersion = 10.0.40219.1
Project("{2150E333-8FDC-42A3-9474-1A3956D46DE8}") = "Solution Items", "Solution Items", "{3BF5F7B5-79CC-4110-9CE3-63C84484EFDF}"
	ProjectSection(SolutionItems) = preProject
		.gitignore = .gitignore
		CHANGELOG.md = CHANGELOG.md
		Example\bin\Debug\netcoreapp1.1\Resources\config.json = Example\bin\Debug\netcoreapp1.1\Resources\config.json
		Example\bin\Debug\netcoreapp1.1\Resources\Log.txt = Example\bin\Debug\netcoreapp1.1\Resources\Log.txt
		README.md = README.md
	EndProjectSection
EndProject
Project("{FAE04EC0-301F-11D3-BF4B-00C04F79EFBC}") = "Convex", "Convex\Convex.csproj", "{1178458F-984E-4C55-8A06-117F346B068A}"
EndProject
Project("{FAE04EC0-301F-11D3-BF4B-00C04F79EFBC}") = "Convex.Plugins.Core", "Convex.Plugins.Core\Convex.Plugins.Core.csproj", "{C7DBA072-88F3-4BB7-BD85-933CC8E60E1B}"
EndProject
Project("{FAE04EC0-301F-11D3-BF4B-00C04F79EFBC}") = "Convex.Example", "Example\Convex.Example.csproj", "{E6B71FCE-BD96-43C3-9ADA-469B91A13940}"
EndProject
Global
	GlobalSection(SolutionConfigurationPlatforms) = preSolution
		Debug|Any CPU = Debug|Any CPU
		Release|Any CPU = Release|Any CPU
	EndGlobalSection
	GlobalSection(ProjectConfigurationPlatforms) = postSolution
		{1178458F-984E-4C55-8A06-117F346B068A}.Debug|Any CPU.ActiveCfg = Debug|Any CPU
		{1178458F-984E-4C55-8A06-117F346B068A}.Debug|Any CPU.Build.0 = Debug|Any CPU
		{1178458F-984E-4C55-8A06-117F346B068A}.Release|Any CPU.ActiveCfg = Release|Any CPU
		{1178458F-984E-4C55-8A06-117F346B068A}.Release|Any CPU.Build.0 = Release|Any CPU
		{C7DBA072-88F3-4BB7-BD85-933CC8E60E1B}.Debug|Any CPU.ActiveCfg = Debug|Any CPU
		{C7DBA072-88F3-4BB7-BD85-933CC8E60E1B}.Debug|Any CPU.Build.0 = Debug|Any CPU
		{C7DBA072-88F3-4BB7-BD85-933CC8E60E1B}.Release|Any CPU.ActiveCfg = Release|Any CPU
		{C7DBA072-88F3-4BB7-BD85-933CC8E60E1B}.Release|Any CPU.Build.0 = Release|Any CPU
		{E6B71FCE-BD96-43C3-9ADA-469B91A13940}.Debug|Any CPU.ActiveCfg = Debug|Any CPU
		{E6B71FCE-BD96-43C3-9ADA-469B91A13940}.Debug|Any CPU.Build.0 = Debug|Any CPU
		{E6B71FCE-BD96-43C3-9ADA-469B91A13940}.Release|Any CPU.ActiveCfg = Release|Any CPU
		{E6B71FCE-BD96-43C3-9ADA-469B91A13940}.Release|Any CPU.Build.0 = Release|Any CPU
	EndGlobalSection
	GlobalSection(SolutionProperties) = preSolution
		HideSolutionNode = FALSE
	EndGlobalSection
EndGlobal
